// !$*UTF8*$!
{
	archiveVersion = 1;
	classes = {
	};
	objectVersion = 55;
	objects = {

/* Begin PBXBuildFile section */
		880BC9BC289864E100CD5173 /* AppDelegate.swift in Sources */ = {isa = PBXBuildFile; fileRef = 880BC9BB289864E100CD5173 /* AppDelegate.swift */; };
		880BC9BE289864E100CD5173 /* SceneDelegate.swift in Sources */ = {isa = PBXBuildFile; fileRef = 880BC9BD289864E100CD5173 /* SceneDelegate.swift */; };
		880BC9C3289864E100CD5173 /* Main.storyboard in Resources */ = {isa = PBXBuildFile; fileRef = 880BC9C1289864E100CD5173 /* Main.storyboard */; };
		880BC9C6289864E100CD5173 /* toDoList.xcdatamodeld in Sources */ = {isa = PBXBuildFile; fileRef = 880BC9C4289864E100CD5173 /* toDoList.xcdatamodeld */; };
		880BC9C8289864E500CD5173 /* Assets.xcassets in Resources */ = {isa = PBXBuildFile; fileRef = 880BC9C7289864E500CD5173 /* Assets.xcassets */; };
		880BC9CB289864E500CD5173 /* LaunchScreen.storyboard in Resources */ = {isa = PBXBuildFile; fileRef = 880BC9C9289864E500CD5173 /* LaunchScreen.storyboard */; };
		880BC9D6289864E700CD5173 /* toDoListTests.swift in Sources */ = {isa = PBXBuildFile; fileRef = 880BC9D5289864E700CD5173 /* toDoListTests.swift */; };
		880BC9E0289864E700CD5173 /* toDoListUITests.swift in Sources */ = {isa = PBXBuildFile; fileRef = 880BC9DF289864E700CD5173 /* toDoListUITests.swift */; };
		880BC9E2289864E700CD5173 /* toDoListUITestsLaunchTests.swift in Sources */ = {isa = PBXBuildFile; fileRef = 880BC9E1289864E700CD5173 /* toDoListUITestsLaunchTests.swift */; };
		880BC9EF289865F900CD5173 /* ToDoTableViewController.swift in Sources */ = {isa = PBXBuildFile; fileRef = 880BC9EE289865F900CD5173 /* ToDoTableViewController.swift */; };
		8812CACD28995FBA00F7C92C /* AddToDoViewController.swift in Sources */ = {isa = PBXBuildFile; fileRef = 8812CACC28995FBA00F7C92C /* AddToDoViewController.swift */; };
		8812CACF289963FD00F7C92C /* CompleteToDoController.swift in Sources */ = {isa = PBXBuildFile; fileRef = 8812CACE289963FD00F7C92C /* CompleteToDoController.swift */; };
/* End PBXBuildFile section */

/* Begin PBXContainerItemProxy section */
		880BC9D2289864E700CD5173 /* PBXContainerItemProxy */ = {
			isa = PBXContainerItemProxy;
			containerPortal = 880BC9B0289864E000CD5173 /* Project object */;
			proxyType = 1;
			remoteGlobalIDString = 880BC9B7289864E000CD5173;
			remoteInfo = toDoList;
		};
		880BC9DC289864E700CD5173 /* PBXContainerItemProxy */ = {
			isa = PBXContainerItemProxy;
			containerPortal = 880BC9B0289864E000CD5173 /* Project object */;
			proxyType = 1;
			remoteGlobalIDString = 880BC9B7289864E000CD5173;
			remoteInfo = toDoList;
		};
/* End PBXContainerItemProxy section */

/* Begin PBXFileReference section */
		880BC9B8289864E000CD5173 /* toDoList.app */ = {isa = PBXFileReference; explicitFileType = wrapper.application; includeInIndex = 0; path = toDoList.app; sourceTree = BUILT_PRODUCTS_DIR; };
		880BC9BB289864E100CD5173 /* AppDelegate.swift */ = {isa = PBXFileReference; lastKnownFileType = sourcecode.swift; path = AppDelegate.swift; sourceTree = "<group>"; };
		880BC9BD289864E100CD5173 /* SceneDelegate.swift */ = {isa = PBXFileReference; lastKnownFileType = sourcecode.swift; path = SceneDelegate.swift; sourceTree = "<group>"; };
		880BC9C2289864E100CD5173 /* Base */ = {isa = PBXFileReference; lastKnownFileType = file.storyboard; name = Base; path = Base.lproj/Main.storyboard; sourceTree = "<group>"; };
		880BC9C5289864E100CD5173 /* toDoList.xcdatamodel */ = {isa = PBXFileReference; lastKnownFileType = wrapper.xcdatamodel; path = toDoList.xcdatamodel; sourceTree = "<group>"; };
		880BC9C7289864E500CD5173 /* Assets.xcassets */ = {isa = PBXFileReference; lastKnownFileType = folder.assetcatalog; path = Assets.xcassets; sourceTree = "<group>"; };
		880BC9CA289864E500CD5173 /* Base */ = {isa = PBXFileReference; lastKnownFileType = file.storyboard; name = Base; path = Base.lproj/LaunchScreen.storyboard; sourceTree = "<group>"; };
		880BC9CC289864E500CD5173 /* Info.plist */ = {isa = PBXFileReference; lastKnownFileType = text.plist.xml; path = Info.plist; sourceTree = "<group>"; };
		880BC9D1289864E700CD5173 /* toDoListTests.xctest */ = {isa = PBXFileReference; explicitFileType = wrapper.cfbundle; includeInIndex = 0; path = toDoListTests.xctest; sourceTree = BUILT_PRODUCTS_DIR; };
		880BC9D5289864E700CD5173 /* toDoListTests.swift */ = {isa = PBXFileReference; lastKnownFileType = sourcecode.swift; path = toDoListTests.swift; sourceTree = "<group>"; };
		880BC9DB289864E700CD5173 /* toDoListUITests.xctest */ = {isa = PBXFileReference; explicitFileType = wrapper.cfbundle; includeInIndex = 0; path = toDoListUITests.xctest; sourceTree = BUILT_PRODUCTS_DIR; };
		880BC9DF289864E700CD5173 /* toDoListUITests.swift */ = {isa = PBXFileReference; lastKnownFileType = sourcecode.swift; path = toDoListUITests.swift; sourceTree = "<group>"; };
		880BC9E1289864E700CD5173 /* toDoListUITestsLaunchTests.swift */ = {isa = PBXFileReference; lastKnownFileType = sourcecode.swift; path = toDoListUITestsLaunchTests.swift; sourceTree = "<group>"; };
		880BC9EE289865F900CD5173 /* ToDoTableViewController.swift */ = {isa = PBXFileReference; lastKnownFileType = sourcecode.swift; path = ToDoTableViewController.swift; sourceTree = "<group>"; };
		8812CACC28995FBA00F7C92C /* AddToDoViewController.swift */ = {isa = PBXFileReference; lastKnownFileType = sourcecode.swift; path = AddToDoViewController.swift; sourceTree = "<group>"; };
		8812CACE289963FD00F7C92C /* CompleteToDoController.swift */ = {isa = PBXFileReference; lastKnownFileType = sourcecode.swift; path = CompleteToDoController.swift; sourceTree = "<group>"; };
/* End PBXFileReference section */

/* Begin PBXFrameworksBuildPhase section */
		880BC9B5289864E000CD5173 /* Frameworks */ = {
			isa = PBXFrameworksBuildPhase;
			buildActionMask = 2147483647;
			files = (
			);
			runOnlyForDeploymentPostprocessing = 0;
		};
		880BC9CE289864E700CD5173 /* Frameworks */ = {
			isa = PBXFrameworksBuildPhase;
			buildActionMask = 2147483647;
			files = (
			);
			runOnlyForDeploymentPostprocessing = 0;
		};
		880BC9D8289864E700CD5173 /* Frameworks */ = {
			isa = PBXFrameworksBuildPhase;
			buildActionMask = 2147483647;
			files = (
			);
			runOnlyForDeploymentPostprocessing = 0;
		};
/* End PBXFrameworksBuildPhase section */

/* Begin PBXGroup section */
		880BC9AF289864E000CD5173 = {
			isa = PBXGroup;
			children = (
				880BC9BA289864E100CD5173 /* toDoList */,
				880BC9D4289864E700CD5173 /* toDoListTests */,
				880BC9DE289864E700CD5173 /* toDoListUITests */,
				880BC9B9289864E000CD5173 /* Products */,
			);
			sourceTree = "<group>";
		};
		880BC9B9289864E000CD5173 /* Products */ = {
			isa = PBXGroup;
			children = (
				880BC9B8289864E000CD5173 /* toDoList.app */,
				880BC9D1289864E700CD5173 /* toDoListTests.xctest */,
				880BC9DB289864E700CD5173 /* toDoListUITests.xctest */,
			);
			name = Products;
			sourceTree = "<group>";
		};
		880BC9BA289864E100CD5173 /* toDoList */ = {
			isa = PBXGroup;
			children = (
				880BC9BB289864E100CD5173 /* AppDelegate.swift */,
				880BC9BD289864E100CD5173 /* SceneDelegate.swift */,
				880BC9C1289864E100CD5173 /* Main.storyboard */,
				8812CACE289963FD00F7C92C /* CompleteToDoController.swift */,
				8812CACC28995FBA00F7C92C /* AddToDoViewController.swift */,
				880BC9EE289865F900CD5173 /* ToDoTableViewController.swift */,
				880BC9C7289864E500CD5173 /* Assets.xcassets */,
				880BC9C9289864E500CD5173 /* LaunchScreen.storyboard */,
				880BC9CC289864E500CD5173 /* Info.plist */,
				880BC9C4289864E100CD5173 /* toDoList.xcdatamodeld */,
			);
			path = toDoList;
			sourceTree = "<group>";
		};
		880BC9D4289864E700CD5173 /* toDoListTests */ = {
			isa = PBXGroup;
			children = (
				880BC9D5289864E700CD5173 /* toDoListTests.swift */,
			);
			path = toDoListTests;
			sourceTree = "<group>";
		};
		880BC9DE289864E700CD5173 /* toDoListUITests */ = {
			isa = PBXGroup;
			children = (
				880BC9DF289864E700CD5173 /* toDoListUITests.swift */,
				880BC9E1289864E700CD5173 /* toDoListUITestsLaunchTests.swift */,
			);
			path = toDoListUITests;
			sourceTree = "<group>";
		};
/* End PBXGroup section */

/* Begin PBXNativeTarget section */
		880BC9B7289864E000CD5173 /* toDoList */ = {
			isa = PBXNativeTarget;
			buildConfigurationList = 880BC9E5289864E700CD5173 /* Build configuration list for PBXNativeTarget "toDoList" */;
			buildPhases = (
				880BC9B4289864E000CD5173 /* Sources */,
				880BC9B5289864E000CD5173 /* Frameworks */,
				880BC9B6289864E000CD5173 /* Resources */,
			);
			buildRules = (
			);
			dependencies = (
			);
			name = toDoList;
			productName = toDoList;
			productReference = 880BC9B8289864E000CD5173 /* toDoList.app */;
			productType = "com.apple.product-type.application";
		};
		880BC9D0289864E700CD5173 /* toDoListTests */ = {
			isa = PBXNativeTarget;
			buildConfigurationList = 880BC9E8289864E700CD5173 /* Build configuration list for PBXNativeTarget "toDoListTests" */;
			buildPhases = (
				880BC9CD289864E700CD5173 /* Sources */,
				880BC9CE289864E700CD5173 /* Frameworks */,
				880BC9CF289864E700CD5173 /* Resources */,
			);
			buildRules = (
			);
			dependencies = (
				880BC9D3289864E700CD5173 /* PBXTargetDependency */,
			);
			name = toDoListTests;
			productName = toDoListTests;
			productReference = 880BC9D1289864E700CD5173 /* toDoListTests.xctest */;
			productType = "com.apple.product-type.bundle.unit-test";
		};
		880BC9DA289864E700CD5173 /* toDoListUITests */ = {
			isa = PBXNativeTarget;
			buildConfigurationList = 880BC9EB289864E700CD5173 /* Build configuration list for PBXNativeTarget "toDoListUITests" */;
			buildPhases = (
				880BC9D7289864E700CD5173 /* Sources */,
				880BC9D8289864E700CD5173 /* Frameworks */,
				880BC9D9289864E700CD5173 /* Resources */,
			);
			buildRules = (
			);
			dependencies = (
				880BC9DD289864E700CD5173 /* PBXTargetDependency */,
			);
			name = toDoListUITests;
			productName = toDoListUITests;
			productReference = 880BC9DB289864E700CD5173 /* toDoListUITests.xctest */;
			productType = "com.apple.product-type.bundle.ui-testing";
		};
/* End PBXNativeTarget section */

/* Begin PBXProject section */
		880BC9B0289864E000CD5173 /* Project object */ = {
			isa = PBXProject;
			attributes = {
				BuildIndependentTargetsInParallel = 1;
				LastSwiftUpdateCheck = 1340;
				LastUpgradeCheck = 1340;
				TargetAttributes = {
					880BC9B7289864E000CD5173 = {
						CreatedOnToolsVersion = 13.4.1;
					};
					880BC9D0289864E700CD5173 = {
						CreatedOnToolsVersion = 13.4.1;
						TestTargetID = 880BC9B7289864E000CD5173;
					};
					880BC9DA289864E700CD5173 = {
						CreatedOnToolsVersion = 13.4.1;
						TestTargetID = 880BC9B7289864E000CD5173;
					};
				};
			};
			buildConfigurationList = 880BC9B3289864E000CD5173 /* Build configuration list for PBXProject "toDoList" */;
			compatibilityVersion = "Xcode 13.0";
			developmentRegion = en;
			hasScannedForEncodings = 0;
			knownRegions = (
				en,
				Base,
			);
			mainGroup = 880BC9AF289864E000CD5173;
			productRefGroup = 880BC9B9289864E000CD5173 /* Products */;
			projectDirPath = "";
			projectRoot = "";
			targets = (
				880BC9B7289864E000CD5173 /* toDoList */,
				880BC9D0289864E700CD5173 /* toDoListTests */,
				880BC9DA289864E700CD5173 /* toDoListUITests */,
			);
		};
/* End PBXProject section */

/* Begin PBXResourcesBuildPhase section */
		880BC9B6289864E000CD5173 /* Resources */ = {
			isa = PBXResourcesBuildPhase;
			buildActionMask = 2147483647;
			files = (
				880BC9CB289864E500CD5173 /* LaunchScreen.storyboard in Resources */,
				880BC9C8289864E500CD5173 /* Assets.xcassets in Resources */,
				880BC9C3289864E100CD5173 /* Main.storyboard in Resources */,
			);
			runOnlyForDeploymentPostprocessing = 0;
		};
		880BC9CF289864E700CD5173 /* Resources */ = {
			isa = PBXResourcesBuildPhase;
			buildActionMask = 2147483647;
			files = (
			);
			runOnlyForDeploymentPostprocessing = 0;
		};
		880BC9D9289864E700CD5173 /* Resources */ = {
			isa = PBXResourcesBuildPhase;
			buildActionMask = 2147483647;
			files = (
			);
			runOnlyForDeploymentPostprocessing = 0;
		};
/* End PBXResourcesBuildPhase section */

/* Begin PBXSourcesBuildPhase section */
		880BC9B4289864E000CD5173 /* Sources */ = {
			isa = PBXSourcesBuildPhase;
			buildActionMask = 2147483647;
			files = (
				880BC9BC289864E100CD5173 /* AppDelegate.swift in Sources */,
				880BC9EF289865F900CD5173 /* ToDoTableViewController.swift in Sources */,
				8812CACD28995FBA00F7C92C /* AddToDoViewController.swift in Sources */,
				880BC9BE289864E100CD5173 /* SceneDelegate.swift in Sources */,
				8812CACF289963FD00F7C92C /* CompleteToDoController.swift in Sources */,
				880BC9C6289864E100CD5173 /* toDoList.xcdatamodeld in Sources */,
			);
			runOnlyForDeploymentPostprocessing = 0;
		};
		880BC9CD289864E700CD5173 /* Sources */ = {
			isa = PBXSourcesBuildPhase;
			buildActionMask = 2147483647;
			files = (
				880BC9D6289864E700CD5173 /* toDoListTests.swift in Sources */,
			);
			runOnlyForDeploymentPostprocessing = 0;
		};
		880BC9D7289864E700CD5173 /* Sources */ = {
			isa = PBXSourcesBuildPhase;
			buildActionMask = 2147483647;
			files = (
				880BC9E2289864E700CD5173 /* toDoListUITestsLaunchTests.swift in Sources */,
				880BC9E0289864E700CD5173 /* toDoListUITests.swift in Sources */,
			);
			runOnlyForDeploymentPostprocessing = 0;
		};
/* End PBXSourcesBuildPhase section */

/* Begin PBXTargetDependency section */
		880BC9D3289864E700CD5173 /* PBXTargetDependency */ = {
			isa = PBXTargetDependency;
			target = 880BC9B7289864E000CD5173 /* toDoList */;
			targetProxy = 880BC9D2289864E700CD5173 /* PBXContainerItemProxy */;
		};
		880BC9DD289864E700CD5173 /* PBXTargetDependency */ = {
			isa = PBXTargetDependency;
			target = 880BC9B7289864E000CD5173 /* toDoList */;
			targetProxy = 880BC9DC289864E700CD5173 /* PBXContainerItemProxy */;
		};
/* End PBXTargetDependency section */

/* Begin PBXVariantGroup section */
		880BC9C1289864E100CD5173 /* Main.storyboard */ = {
			isa = PBXVariantGroup;
			children = (
				880BC9C2289864E100CD5173 /* Base */,
			);
			name = Main.storyboard;
			sourceTree = "<group>";
		};
		880BC9C9289864E500CD5173 /* LaunchScreen.storyboard */ = {
			isa = PBXVariantGroup;
			children = (
				880BC9CA289864E500CD5173 /* Base */,
			);
			name = LaunchScreen.storyboard;
			sourceTree = "<group>";
		};
/* End PBXVariantGroup section */

/* Begin XCBuildConfiguration section */
		880BC9E3289864E700CD5173 /* Debug */ = {
			isa = XCBuildConfiguration;
			buildSettings = {
				ALWAYS_SEARCH_USER_PATHS = NO;
				CLANG_ANALYZER_NONNULL = YES;
				CLANG_ANALYZER_NUMBER_OBJECT_CONVERSION = YES_AGGRESSIVE;
				CLANG_CXX_LANGUAGE_STANDARD = "gnu++17";
				CLANG_ENABLE_MODULES = YES;
				CLANG_ENABLE_OBJC_ARC = YES;
				CLANG_ENABLE_OBJC_WEAK = YES;
				CLANG_WARN_BLOCK_CAPTURE_AUTORELEASING = YES;
				CLANG_WARN_BOOL_CONVERSION = YES;
				CLANG_WARN_COMMA = YES;
				CLANG_WARN_CONSTANT_CONVERSION = YES;
				CLANG_WARN_DEPRECATED_OBJC_IMPLEMENTATIONS = YES;
				CLANG_WARN_DIRECT_OBJC_ISA_USAGE = YES_ERROR;
				CLANG_WARN_DOCUMENTATION_COMMENTS = YES;
				CLANG_WARN_EMPTY_BODY = YES;
				CLANG_WARN_ENUM_CONVERSION = YES;
				CLANG_WARN_INFINITE_RECURSION = YES;
				CLANG_WARN_INT_CONVERSION = YES;
				CLANG_WARN_NON_LITERAL_NULL_CONVERSION = YES;
				CLANG_WARN_OBJC_IMPLICIT_RETAIN_SELF = YES;
				CLANG_WARN_OBJC_LITERAL_CONVERSION = YES;
				CLANG_WARN_OBJC_ROOT_CLASS = YES_ERROR;
				CLANG_WARN_QUOTED_INCLUDE_IN_FRAMEWORK_HEADER = YES;
				CLANG_WARN_RANGE_LOOP_ANALYSIS = YES;
				CLANG_WARN_STRICT_PROTOTYPES = YES;
				CLANG_WARN_SUSPICIOUS_MOVE = YES;
				CLANG_WARN_UNGUARDED_AVAILABILITY = YES_AGGRESSIVE;
				CLANG_WARN_UNREACHABLE_CODE = YES;
				CLANG_WARN__DUPLICATE_METHOD_MATCH = YES;
				COPY_PHASE_STRIP = NO;
				DEBUG_INFORMATION_FORMAT = dwarf;
				ENABLE_STRICT_OBJC_MSGSEND = YES;
				ENABLE_TESTABILITY = YES;
				GCC_C_LANGUAGE_STANDARD = gnu11;
				GCC_DYNAMIC_NO_PIC = NO;
				GCC_NO_COMMON_BLOCKS = YES;
				GCC_OPTIMIZATION_LEVEL = 0;
				GCC_PREPROCESSOR_DEFINITIONS = (
					"DEBUG=1",
					"$(inherited)",
				);
				GCC_WARN_64_TO_32_BIT_CONVERSION = YES;
				GCC_WARN_ABOUT_RETURN_TYPE = YES_ERROR;
				GCC_WARN_UNDECLARED_SELECTOR = YES;
				GCC_WARN_UNINITIALIZED_AUTOS = YES_AGGRESSIVE;
				GCC_WARN_UNUSED_FUNCTION = YES;
				GCC_WARN_UNUSED_VARIABLE = YES;
				IPHONEOS_DEPLOYMENT_TARGET = 15.5;
				MTL_ENABLE_DEBUG_INFO = INCLUDE_SOURCE;
				MTL_FAST_MATH = YES;
				ONLY_ACTIVE_ARCH = YES;
				SDKROOT = iphoneos;
				SWIFT_ACTIVE_COMPILATION_CONDITIONS = DEBUG;
				SWIFT_OPTIMIZATION_LEVEL = "-Onone";
			};
			name = Debug;
		};
		880BC9E4289864E700CD5173 /* Release */ = {
			isa = XCBuildConfiguration;
			buildSettings = {
				ALWAYS_SEARCH_USER_PATHS = NO;
				CLANG_ANALYZER_NONNULL = YES;
				CLANG_ANALYZER_NUMBER_OBJECT_CONVERSION = YES_AGGRESSIVE;
				CLANG_CXX_LANGUAGE_STANDARD = "gnu++17";
				CLANG_ENABLE_MODULES = YES;
				CLANG_ENABLE_OBJC_ARC = YES;
				CLANG_ENABLE_OBJC_WEAK = YES;
				CLANG_WARN_BLOCK_CAPTURE_AUTORELEASING = YES;
				CLANG_WARN_BOOL_CONVERSION = YES;
				CLANG_WARN_COMMA = YES;
				CLANG_WARN_CONSTANT_CONVERSION = YES;
				CLANG_WARN_DEPRECATED_OBJC_IMPLEMENTATIONS = YES;
				CLANG_WARN_DIRECT_OBJC_ISA_USAGE = YES_ERROR;
				CLANG_WARN_DOCUMENTATION_COMMENTS = YES;
				CLANG_WARN_EMPTY_BODY = YES;
				CLANG_WARN_ENUM_CONVERSION = YES;
				CLANG_WARN_INFINITE_RECURSION = YES;
				CLANG_WARN_INT_CONVERSION = YES;
				CLANG_WARN_NON_LITERAL_NULL_CONVERSION = YES;
				CLANG_WARN_OBJC_IMPLICIT_RETAIN_SELF = YES;
				CLANG_WARN_OBJC_LITERAL_CONVERSION = YES;
				CLANG_WARN_OBJC_ROOT_CLASS = YES_ERROR;
				CLANG_WARN_QUOTED_INCLUDE_IN_FRAMEWORK_HEADER = YES;
				CLANG_WARN_RANGE_LOOP_ANALYSIS = YES;
				CLANG_WARN_STRICT_PROTOTYPES = YES;
				CLANG_WARN_SUSPICIOUS_MOVE = YES;
				CLANG_WARN_UNGUARDED_AVAILABILITY = YES_AGGRESSIVE;
				CLANG_WARN_UNREACHABLE_CODE = YES;
				CLANG_WARN__DUPLICATE_METHOD_MATCH = YES;
				COPY_PHASE_STRIP = NO;
				DEBUG_INFORMATION_FORMAT = "dwarf-with-dsym";
				ENABLE_NS_ASSERTIONS = NO;
				ENABLE_STRICT_OBJC_MSGSEND = YES;
				GCC_C_LANGUAGE_STANDARD = gnu11;
				GCC_NO_COMMON_BLOCKS = YES;
				GCC_WARN_64_TO_32_BIT_CONVERSION = YES;
				GCC_WARN_ABOUT_RETURN_TYPE = YES_ERROR;
				GCC_WARN_UNDECLARED_SELECTOR = YES;
				GCC_WARN_UNINITIALIZED_AUTOS = YES_AGGRESSIVE;
				GCC_WARN_UNUSED_FUNCTION = YES;
				GCC_WARN_UNUSED_VARIABLE = YES;
				IPHONEOS_DEPLOYMENT_TARGET = 15.5;
				MTL_ENABLE_DEBUG_INFO = NO;
				MTL_FAST_MATH = YES;
				SDKROOT = iphoneos;
				SWIFT_COMPILATION_MODE = wholemodule;
				SWIFT_OPTIMIZATION_LEVEL = "-O";
				VALIDATE_PRODUCT = YES;
			};
			name = Release;
		};
		880BC9E6289864E700CD5173 /* Debug */ = {
			isa = XCBuildConfiguration;
			buildSettings = {
				ASSETCATALOG_COMPILER_APPICON_NAME = AppIcon;
				ASSETCATALOG_COMPILER_GLOBAL_ACCENT_COLOR_NAME = AccentColor;
				CODE_SIGN_STYLE = Automatic;
				CURRENT_PROJECT_VERSION = 1;
				GENERATE_INFOPLIST_FILE = YES;
				INFOPLIST_FILE = toDoList/Info.plist;
				INFOPLIST_KEY_UIApplicationSupportsIndirectInputEvents = YES;
				INFOPLIST_KEY_UILaunchStoryboardName = LaunchScreen;
				INFOPLIST_KEY_UIMainStoryboardFile = Main;
				INFOPLIST_KEY_UISupportedInterfaceOrientations_iPad = "UIInterfaceOrientationPortrait UIInterfaceOrientationPortraitUpsideDown UIInterfaceOrientationLandscapeLeft UIInterfaceOrientationLandscapeRight";
				INFOPLIST_KEY_UISupportedInterfaceOrientations_iPhone = "UIInterfaceOrientationPortrait UIInterfaceOrientationLandscapeLeft UIInterfaceOrientationLandscapeRight";
				LD_RUNPATH_SEARCH_PATHS = (
					"$(inherited)",
					"@executable_path/Frameworks",
				);
				MARKETING_VERSION = 1.0;
				PRODUCT_BUNDLE_IDENTIFIER = JiaBao.toDoList;
				PRODUCT_NAME = "$(TARGET_NAME)";
				SWIFT_EMIT_LOC_STRINGS = YES;
				SWIFT_VERSION = 5.0;
				TARGETED_DEVICE_FAMILY = "1,2";
			};
			name = Debug;
		};
		880BC9E7289864E700CD5173 /* Release */ = {
			isa = XCBuildConfiguration;
			buildSettings = {
				ASSETCATALOG_COMPILER_APPICON_NAME = AppIcon;
				ASSETCATALOG_COMPILER_GLOBAL_ACCENT_COLOR_NAME = AccentColor;
				CODE_SIGN_STYLE = Automatic;
				CURRENT_PROJECT_VERSION = 1;
				GENERATE_INFOPLIST_FILE = YES;
				INFOPLIST_FILE = toDoList/Info.plist;
				INFOPLIST_KEY_UIApplicationSupportsIndirectInputEvents = YES;
				INFOPLIST_KEY_UILaunchStoryboardName = LaunchScreen;
				INFOPLIST_KEY_UIMainStoryboardFile = Main;
				INFOPLIST_KEY_UISupportedInterfaceOrientations_iPad = "UIInterfaceOrientationPortrait UIInterfaceOrientationPortraitUpsideDown UIInterfaceOrientationLandscapeLeft UIInterfaceOrientationLandscapeRight";
				INFOPLIST_KEY_UISupportedInterfaceOrientations_iPhone = "UIInterfaceOrientationPortrait UIInterfaceOrientationLandscapeLeft UIInterfaceOrientationLandscapeRight";
				LD_RUNPATH_SEARCH_PATHS = (
					"$(inherited)",
					"@executable_path/Frameworks",
				);
				MARKETING_VERSION = 1.0;
				PRODUCT_BUNDLE_IDENTIFIER = JiaBao.toDoList;
				PRODUCT_NAME = "$(TARGET_NAME)";
				SWIFT_EMIT_LOC_STRINGS = YES;
				SWIFT_VERSION = 5.0;
				TARGETED_DEVICE_FAMILY = "1,2";
			};
			name = Release;
		};
		880BC9E9289864E700CD5173 /* Debug */ = {
			isa = XCBuildConfiguration;
			buildSettings = {
				ALWAYS_EMBED_SWIFT_STANDARD_LIBRARIES = YES;
				BUNDLE_LOADER = "$(TEST_HOST)";
				CODE_SIGN_STYLE = Automatic;
				CURRENT_PROJECT_VERSION = 1;
				GENERATE_INFOPLIST_FILE = YES;
				IPHONEOS_DEPLOYMENT_TARGET = 15.5;
				MARKETING_VERSION = 1.0;
				PRODUCT_BUNDLE_IDENTIFIER = JiaBao.toDoListTests;
				PRODUCT_NAME = "$(TARGET_NAME)";
				SWIFT_EMIT_LOC_STRINGS = NO;
				SWIFT_VERSION = 5.0;
				TARGETED_DEVICE_FAMILY = "1,2";
				TEST_HOST = "$(BUILT_PRODUCTS_DIR)/toDoList.app/toDoList";
			};
			name = Debug;
		};
		880BC9EA289864E700CD5173 /* Release */ = {
			isa = XCBuildConfiguration;
			buildSettings = {
				ALWAYS_EMBED_SWIFT_STANDARD_LIBRARIES = YES;
				BUNDLE_LOADER = "$(TEST_HOST)";
				CODE_SIGN_STYLE = Automatic;
				CURRENT_PROJECT_VERSION = 1;
				GENERATE_INFOPLIST_FILE = YES;
				IPHONEOS_DEPLOYMENT_TARGET = 15.5;
				MARKETING_VERSION = 1.0;
				PRODUCT_BUNDLE_IDENTIFIER = JiaBao.toDoListTests;
				PRODUCT_NAME = "$(TARGET_NAME)";
				SWIFT_EMIT_LOC_STRINGS = NO;
				SWIFT_VERSION = 5.0;
				TARGETED_DEVICE_FAMILY = "1,2";
				TEST_HOST = "$(BUILT_PRODUCTS_DIR)/toDoList.app/toDoList";
			};
			name = Release;
		};
		880BC9EC289864E700CD5173 /* Debug */ = {
			isa = XCBuildConfiguration;
			buildSettings = {
				ALWAYS_EMBED_SWIFT_STANDARD_LIBRARIES = YES;
				CODE_SIGN_STYLE = Automatic;
				CURRENT_PROJECT_VERSION = 1;
				GENERATE_INFOPLIST_FILE = YES;
				MARKETING_VERSION = 1.0;
				PRODUCT_BUNDLE_IDENTIFIER = JiaBao.toDoListUITests;
				PRODUCT_NAME = "$(TARGET_NAME)";
				SWIFT_EMIT_LOC_STRINGS = NO;
				SWIFT_VERSION = 5.0;
				TARGETED_DEVICE_FAMILY = "1,2";
				TEST_TARGET_NAME = toDoList;
			};
			name = Debug;
		};
		880BC9ED289864E700CD5173 /* Release */ = {
			isa = XCBuildConfiguration;
			buildSettings = {
				ALWAYS_EMBED_SWIFT_STANDARD_LIBRARIES = YES;
				CODE_SIGN_STYLE = Automatic;
				CURRENT_PROJECT_VERSION = 1;
				GENERATE_INFOPLIST_FILE = YES;
				MARKETING_VERSION = 1.0;
				PRODUCT_BUNDLE_IDENTIFIER = JiaBao.toDoListUITests;
				PRODUCT_NAME = "$(TARGET_NAME)";
				SWIFT_EMIT_LOC_STRINGS = NO;
				SWIFT_VERSION = 5.0;
				TARGETED_DEVICE_FAMILY = "1,2";
				TEST_TARGET_NAME = toDoList;
			};
			name = Release;
		};
/* End XCBuildConfiguration section */

/* Begin XCConfigurationList section */
		880BC9B3289864E000CD5173 /* Build configuration list for PBXProject "toDoList" */ = {
			isa = XCConfigurationList;
			buildConfigurations = (
				880BC9E3289864E700CD5173 /* Debug */,
				880BC9E4289864E700CD5173 /* Release */,
			);
			defaultConfigurationIsVisible = 0;
			defaultConfigurationName = Release;
		};
		880BC9E5289864E700CD5173 /* Build configuration list for PBXNativeTarget "toDoList" */ = {
			isa = XCConfigurationList;
			buildConfigurations = (
				880BC9E6289864E700CD5173 /* Debug */,
				880BC9E7289864E700CD5173 /* Release */,
			);
			defaultConfigurationIsVisible = 0;
			defaultConfigurationName = Release;
		};
		880BC9E8289864E700CD5173 /* Build configuration list for PBXNativeTarget "toDoListTests" */ = {
			isa = XCConfigurationList;
			buildConfigurations = (
				880BC9E9289864E700CD5173 /* Debug */,
				880BC9EA289864E700CD5173 /* Release */,
			);
			defaultConfigurationIsVisible = 0;
			defaultConfigurationName = Release;
		};
		880BC9EB289864E700CD5173 /* Build configuration list for PBXNativeTarget "toDoListUITests" */ = {
			isa = XCConfigurationList;
			buildConfigurations = (
				880BC9EC289864E700CD5173 /* Debug */,
				880BC9ED289864E700CD5173 /* Release */,
			);
			defaultConfigurationIsVisible = 0;
			defaultConfigurationName = Release;
		};
/* End XCConfigurationList section */

/* Begin XCVersionGroup section */
		880BC9C4289864E100CD5173 /* toDoList.xcdatamodeld */ = {
			isa = XCVersionGroup;
			children = (
				880BC9C5289864E100CD5173 /* toDoList.xcdatamodel */,
			);
			currentVersion = 880BC9C5289864E100CD5173 /* toDoList.xcdatamodel */;
			path = toDoList.xcdatamodeld;
			sourceTree = "<group>";
			versionGroupType = wrapper.xcdatamodel;
		};
/* End XCVersionGroup section */
	};
	rootObject = 880BC9B0289864E000CD5173 /* Project object */;
}
